
Microsoft Visual Studio Solution File, Format Version 12.00
# Visual Studio 2013
VisualStudioVersion = 12.0.31101.0
MinimumVisualStudioVersion = 10.0.40219.1
Project("{FAE04EC0-301F-11D3-BF4B-00C04F79EFBC}") = "FSharpHub", "FSharpHub\FSharpHub.csproj", "{339922CE-86B8-4294-9984-DF069D6AA1BB}"
	ProjectSection(ProjectDependencies) = postProject
		{B967E460-04ED-4DF9-883E-9A5179676B92} = {B967E460-04ED-4DF9-883E-9A5179676B92}
	EndProjectSection
EndProject
Project("{F2A71F9B-5D33-465A-A702-920D77279786}") = "Sitelet", "Sitelet\Sitelet.fsproj", "{B967E460-04ED-4DF9-883E-9A5179676B92}"
EndProject
Project("{F2A71F9B-5D33-465A-A702-920D77279786}") = "NuGet", "NuGet\NuGet.fsproj", "{C2DC46A2-BA82-4468-AC15-383E9CDAED83}"
EndProject
Global
	GlobalSection(SolutionConfigurationPlatforms) = preSolution
		Debug|Any CPU = Debug|Any CPU
		Release|Any CPU = Release|Any CPU
	EndGlobalSection
	GlobalSection(ProjectConfigurationPlatforms) = postSolution
		{339922CE-86B8-4294-9984-DF069D6AA1BB}.Debug|Any CPU.ActiveCfg = Release|Any CPU
		{339922CE-86B8-4294-9984-DF069D6AA1BB}.Debug|Any CPU.Build.0 = Release|Any CPU
		{339922CE-86B8-4294-9984-DF069D6AA1BB}.Release|Any CPU.ActiveCfg = Release|Any CPU
		{339922CE-86B8-4294-9984-DF069D6AA1BB}.Release|Any CPU.Build.0 = Release|Any CPU
		{B967E460-04ED-4DF9-883E-9A5179676B92}.Debug|Any CPU.ActiveCfg = Debug|Any CPU
		{B967E460-04ED-4DF9-883E-9A5179676B92}.Debug|Any CPU.Build.0 = Debug|Any CPU
		{B967E460-04ED-4DF9-883E-9A5179676B92}.Release|Any CPU.ActiveCfg = Release|Any CPU
		{B967E460-04ED-4DF9-883E-9A5179676B92}.Release|Any CPU.Build.0 = Release|Any CPU
		{C2DC46A2-BA82-4468-AC15-383E9CDAED83}.Debug|Any CPU.ActiveCfg = Debug|Any CPU
		{C2DC46A2-BA82-4468-AC15-383E9CDAED83}.Debug|Any CPU.Build.0 = Debug|Any CPU
		{C2DC46A2-BA82-4468-AC15-383E9CDAED83}.Release|Any CPU.ActiveCfg = Release|Any CPU
		{C2DC46A2-BA82-4468-AC15-383E9CDAED83}.Release|Any CPU.Build.0 = Release|Any CPU
	EndGlobalSection
	GlobalSection(SolutionProperties) = preSolution
		HideSolutionNode = FALSE
	EndGlobalSection
EndGlobal
